
Microsoft Visual Studio Solution File, Format Version 12.00
# Visual Studio Version 17
VisualStudioVersion = 17.7.34221.43
MinimumVisualStudioVersion = 10.0.40219.1
Project("{FAE04EC0-301F-11D3-BF4B-00C04F79EFBC}") = "WEB3", "WEB3\WEB3.csproj", "{FCCA9409-BEDE-411A-845D-91D3FEBB8830}"
EndProject
Global
	GlobalSection(SolutionConfigurationPlatforms) = preSolution
		Debug|Any CPU = Debug|Any CPU
		Release|Any CPU = Release|Any CPU
	EndGlobalSection
	GlobalSection(ProjectConfigurationPlatforms) = postSolution
		{FCCA9409-BEDE-411A-845D-91D3FEBB8830}.Debug|Any CPU.ActiveCfg = Debug|Any CPU
		{FCCA9409-BEDE-411A-845D-91D3FEBB8830}.Debug|Any CPU.Build.0 = Debug|Any CPU
		{FCCA9409-BEDE-411A-845D-91D3FEBB8830}.Release|Any CPU.ActiveCfg = Release|Any CPU
		{FCCA9409-BEDE-411A-845D-91D3FEBB8830}.Release|Any CPU.Build.0 = Release|Any CPU
	EndGlobalSection
	GlobalSection(SolutionProperties) = preSolution
		HideSolutionNode = FALSE
	EndGlobalSection
	GlobalSection(ExtensibilityGlobals) = postSolution
		SolutionGuid = {D8CD2A47-6701-4E81-AC3B-10062D8452E5}
	EndGlobalSection
EndGlobal
